
Microsoft Visual Studio Solution File, Format Version 12.00
# Visual Studio Version 16
VisualStudioVersion = 16.0.31729.503
MinimumVisualStudioVersion = 10.0.40219.1
Project("{9A19103F-16F7-4668-BE54-9A1E7A4F7556}") = "lerncs", "lerncs\lerncs.csproj", "{EF1ED439-5D63-4B09-8B42-0084DFF936A4}"
EndProject
Global
	GlobalSection(SolutionConfigurationPlatforms) = preSolution
		Debug|Any CPU = Debug|Any CPU
		Release|Any CPU = Release|Any CPU
	EndGlobalSection
	GlobalSection(ProjectConfigurationPlatforms) = postSolution
		{EF1ED439-5D63-4B09-8B42-0084DFF936A4}.Debug|Any CPU.ActiveCfg = Debug|Any CPU
		{EF1ED439-5D63-4B09-8B42-0084DFF936A4}.Debug|Any CPU.Build.0 = Debug|Any CPU
		{EF1ED439-5D63-4B09-8B42-0084DFF936A4}.Release|Any CPU.ActiveCfg = Release|Any CPU
		{EF1ED439-5D63-4B09-8B42-0084DFF936A4}.Release|Any CPU.Build.0 = Release|Any CPU
	EndGlobalSection
	GlobalSection(SolutionProperties) = preSolution
		HideSolutionNode = FALSE
	EndGlobalSection
	GlobalSection(ExtensibilityGlobals) = postSolution
		SolutionGuid = {FBD18F9E-AA36-4401-8C96-5F93529E18B8}
	EndGlobalSection
EndGlobal
