
Microsoft Visual Studio Solution File, Format Version 12.00
# Visual Studio Version 17
VisualStudioVersion = 17.1.32407.343
MinimumVisualStudioVersion = 10.0.40219.1
Project("{FAE04EC0-301F-11D3-BF4B-00C04F79EFBC}") = "Task-1", "Task-1\Task-1.csproj", "{601851EA-DB44-4C26-BC8B-1F44C2928029}"
EndProject
Global
	GlobalSection(SolutionConfigurationPlatforms) = preSolution
		Debug|Any CPU = Debug|Any CPU
		Release|Any CPU = Release|Any CPU
	EndGlobalSection
	GlobalSection(ProjectConfigurationPlatforms) = postSolution
		{601851EA-DB44-4C26-BC8B-1F44C2928029}.Debug|Any CPU.ActiveCfg = Debug|Any CPU
		{601851EA-DB44-4C26-BC8B-1F44C2928029}.Debug|Any CPU.Build.0 = Debug|Any CPU
		{601851EA-DB44-4C26-BC8B-1F44C2928029}.Release|Any CPU.ActiveCfg = Release|Any CPU
		{601851EA-DB44-4C26-BC8B-1F44C2928029}.Release|Any CPU.Build.0 = Release|Any CPU
	EndGlobalSection
	GlobalSection(SolutionProperties) = preSolution
		HideSolutionNode = FALSE
	EndGlobalSection
	GlobalSection(ExtensibilityGlobals) = postSolution
		SolutionGuid = {0E53D445-5751-44EC-B44B-D423D2DDEB3C}
	EndGlobalSection
EndGlobal
